
Microsoft Visual Studio Solution File, Format Version 12.00
# Visual Studio 15
VisualStudioVersion = 15.0.28307.645
MinimumVisualStudioVersion = 10.0.40219.1
Project("{FAE04EC0-301F-11D3-BF4B-00C04F79EFBC}") = "ConsoleApp1", "ConsoleApp1\ConsoleApp1.csproj", "{7C81D8B8-D94E-4ECA-995A-A899DA47CCFC}"
EndProject
Global
	GlobalSection(SolutionConfigurationPlatforms) = preSolution
		Debug|Any CPU = Debug|Any CPU
		Release|Any CPU = Release|Any CPU
	EndGlobalSection
	GlobalSection(ProjectConfigurationPlatforms) = postSolution
		{7C81D8B8-D94E-4ECA-995A-A899DA47CCFC}.Debug|Any CPU.ActiveCfg = Debug|Any CPU
		{7C81D8B8-D94E-4ECA-995A-A899DA47CCFC}.Debug|Any CPU.Build.0 = Debug|Any CPU
		{7C81D8B8-D94E-4ECA-995A-A899DA47CCFC}.Release|Any CPU.ActiveCfg = Release|Any CPU
		{7C81D8B8-D94E-4ECA-995A-A899DA47CCFC}.Release|Any CPU.Build.0 = Release|Any CPU
	EndGlobalSection
	GlobalSection(SolutionProperties) = preSolution
		HideSolutionNode = FALSE
	EndGlobalSection
	GlobalSection(ExtensibilityGlobals) = postSolution
		SolutionGuid = {295B513A-B091-4797-BA23-42A55117E834}
	EndGlobalSection
EndGlobal
